<Solution>
  <Folder Name="/src/">
    <Project Path="src/WindowsCleaner.App/WindowsCleaner.App.csproj" />
    <Project Path="src/WindowsCleaner.Core/WindowsCleaner.Core.csproj" />
  </Folder>
  <Folder Name="/tests/">
    <Project Path="tests/WindowsCleaner.Tests/WindowsCleaner.Tests.csproj" />
  </Folder>
</Solution>
